// !$*UTF8*$!
{
	archiveVersion = 1;
	classes = {
	};
	objectVersion = 46;
	objects = {

/* Begin PBXBuildFile section */
		1F1E27CA1C3BDF1C001B0431 /* PopupViewController1.m in Sources */ = {isa = PBXBuildFile; fileRef = 1F1E27C51C3BDF1C001B0431 /* PopupViewController1.m */; };
		1F1E27CB1C3BDF1C001B0431 /* PopupViewController2.m in Sources */ = {isa = PBXBuildFile; fileRef = 1F1E27C71C3BDF1C001B0431 /* PopupViewController2.m */; };
		1F1E27CC1C3BDF1C001B0431 /* PopupViewController3.m in Sources */ = {isa = PBXBuildFile; fileRef = 1F1E27C91C3BDF1C001B0431 /* PopupViewController3.m */; };
		1F20E5711C40CDBE00121967 /* main.m in Sources */ = {isa = PBXBuildFile; fileRef = 1F20E5701C40CDBE00121967 /* main.m */; };
		1F20E5741C40CDBE00121967 /* AppDelegate.m in Sources */ = {isa = PBXBuildFile; fileRef = 1F20E5731C40CDBE00121967 /* AppDelegate.m */; };
		1F20E5771C40CDBE00121967 /* ViewController.m in Sources */ = {isa = PBXBuildFile; fileRef = 1F20E5761C40CDBE00121967 /* ViewController.m */; };
		1F20E57A1C40CDBE00121967 /* Main.storyboard in Resources */ = {isa = PBXBuildFile; fileRef = 1F20E5781C40CDBE00121967 /* Main.storyboard */; };
		1F20E57C1C40CDBE00121967 /* Assets.xcassets in Resources */ = {isa = PBXBuildFile; fileRef = 1F20E57B1C40CDBE00121967 /* Assets.xcassets */; };
		1F20E57F1C40CDBE00121967 /* LaunchScreen.storyboard in Resources */ = {isa = PBXBuildFile; fileRef = 1F20E57D1C40CDBE00121967 /* LaunchScreen.storyboard */; };
		1F38358D1C3E66A200B4751F /* View2Controller.m in Sources */ = {isa = PBXBuildFile; fileRef = 1F38358B1C3E66A200B4751F /* View2Controller.m */; };
		1F38358E1C3E66A200B4751F /* View2Controller.xib in Resources */ = {isa = PBXBuildFile; fileRef = 1F38358C1C3E66A200B4751F /* View2Controller.xib */; };
		1FA588431C3E385F00CA1007 /* STPopupController.m in Sources */ = {isa = PBXBuildFile; fileRef = 1FA5883A1C3E385F00CA1007 /* STPopupController.m */; };
		1FA588441C3E385F00CA1007 /* STPopupLeftBarItem.m in Sources */ = {isa = PBXBuildFile; fileRef = 1FA5883C1C3E385F00CA1007 /* STPopupLeftBarItem.m */; };
		1FA588451C3E385F00CA1007 /* STPopupNavigationBar.m in Sources */ = {isa = PBXBuildFile; fileRef = 1FA5883E1C3E385F00CA1007 /* STPopupNavigationBar.m */; };
		1FA588461C3E385F00CA1007 /* UIResponder+STPopup.m in Sources */ = {isa = PBXBuildFile; fileRef = 1FA588401C3E385F00CA1007 /* UIResponder+STPopup.m */; };
		1FA588471C3E385F00CA1007 /* UIViewController+STPopup.m in Sources */ = {isa = PBXBuildFile; fileRef = 1FA588421C3E385F00CA1007 /* UIViewController+STPopup.m */; };
		1FA588501C3E423200CA1007 /* View1Controller.m in Sources */ = {isa = PBXBuildFile; fileRef = 1FA5884E1C3E423200CA1007 /* View1Controller.m */; };
		1FA588511C3E423200CA1007 /* View1Controller.xib in Resources */ = {isa = PBXBuildFile; fileRef = 1FA5884F1C3E423200CA1007 /* View1Controller.xib */; };
		1FE4FD0D1C2FDA470087611E /* main.m in Sources */ = {isa = PBXBuildFile; fileRef = 1FE4FD0C1C2FDA470087611E /* main.m */; };
		1FE4FD101C2FDA470087611E /* AppDelegate.m in Sources */ = {isa = PBXBuildFile; fileRef = 1FE4FD0F1C2FDA470087611E /* AppDelegate.m */; };
		1FE4FD131C2FDA470087611E /* ViewController.m in Sources */ = {isa = PBXBuildFile; fileRef = 1FE4FD121C2FDA470087611E /* ViewController.m */; };
		1FE4FD161C2FDA470087611E /* Main.storyboard in Resources */ = {isa = PBXBuildFile; fileRef = 1FE4FD141C2FDA470087611E /* Main.storyboard */; };
		1FE4FD181C2FDA470087611E /* Assets.xcassets in Resources */ = {isa = PBXBuildFile; fileRef = 1FE4FD171C2FDA470087611E /* Assets.xcassets */; };
		1FE4FD1B1C2FDA470087611E /* LaunchScreen.storyboard in Resources */ = {isa = PBXBuildFile; fileRef = 1FE4FD191C2FDA470087611E /* LaunchScreen.storyboard */; };
/* End PBXBuildFile section */

/* Begin PBXFileReference section */
		1F1E27C41C3BDF1C001B0431 /* PopupViewController1.h */ = {isa = PBXFileReference; fileEncoding = 4; lastKnownFileType = sourcecode.c.h; path = PopupViewController1.h; sourceTree = "<group>"; };
		1F1E27C51C3BDF1C001B0431 /* PopupViewController1.m */ = {isa = PBXFileReference; fileEncoding = 4; lastKnownFileType = sourcecode.c.objc; path = PopupViewController1.m; sourceTree = "<group>"; };
		1F1E27C61C3BDF1C001B0431 /* PopupViewController2.h */ = {isa = PBXFileReference; fileEncoding = 4; lastKnownFileType = sourcecode.c.h; path = PopupViewController2.h; sourceTree = "<group>"; };
		1F1E27C71C3BDF1C001B0431 /* PopupViewController2.m */ = {isa = PBXFileReference; fileEncoding = 4; lastKnownFileType = sourcecode.c.objc; path = PopupViewController2.m; sourceTree = "<group>"; };
		1F1E27C81C3BDF1C001B0431 /* PopupViewController3.h */ = {isa = PBXFileReference; fileEncoding = 4; lastKnownFileType = sourcecode.c.h; path = PopupViewController3.h; sourceTree = "<group>"; };
		1F1E27C91C3BDF1C001B0431 /* PopupViewController3.m */ = {isa = PBXFileReference; fileEncoding = 4; lastKnownFileType = sourcecode.c.objc; path = PopupViewController3.m; sourceTree = "<group>"; };
		1F20E56D1C40CDBE00121967 /* aaa.app */ = {isa = PBXFileReference; explicitFileType = wrapper.application; includeInIndex = 0; path = aaa.app; sourceTree = BUILT_PRODUCTS_DIR; };
		1F20E5701C40CDBE00121967 /* main.m */ = {isa = PBXFileReference; lastKnownFileType = sourcecode.c.objc; path = main.m; sourceTree = "<group>"; };
		1F20E5721C40CDBE00121967 /* AppDelegate.h */ = {isa = PBXFileReference; lastKnownFileType = sourcecode.c.h; path = AppDelegate.h; sourceTree = "<group>"; };
		1F20E5731C40CDBE00121967 /* AppDelegate.m */ = {isa = PBXFileReference; lastKnownFileType = sourcecode.c.objc; path = AppDelegate.m; sourceTree = "<group>"; };
		1F20E5751C40CDBE00121967 /* ViewController.h */ = {isa = PBXFileReference; lastKnownFileType = sourcecode.c.h; path = ViewController.h; sourceTree = "<group>"; };
		1F20E5761C40CDBE00121967 /* ViewController.m */ = {isa = PBXFileReference; lastKnownFileType = sourcecode.c.objc; path = ViewController.m; sourceTree = "<group>"; };
		1F20E5791C40CDBE00121967 /* Base */ = {isa = PBXFileReference; lastKnownFileType = file.storyboard; name = Base; path = Base.lproj/Main.storyboard; sourceTree = "<group>"; };
		1F20E57B1C40CDBE00121967 /* Assets.xcassets */ = {isa = PBXFileReference; lastKnownFileType = folder.assetcatalog; path = Assets.xcassets; sourceTree = "<group>"; };
		1F20E57E1C40CDBE00121967 /* Base */ = {isa = PBXFileReference; lastKnownFileType = file.storyboard; name = Base; path = Base.lproj/LaunchScreen.storyboard; sourceTree = "<group>"; };
		1F20E5801C40CDBE00121967 /* Info.plist */ = {isa = PBXFileReference; lastKnownFileType = text.plist.xml; path = Info.plist; sourceTree = "<group>"; };
		1F38358A1C3E66A200B4751F /* View2Controller.h */ = {isa = PBXFileReference; fileEncoding = 4; lastKnownFileType = sourcecode.c.h; path = View2Controller.h; sourceTree = "<group>"; };
		1F38358B1C3E66A200B4751F /* View2Controller.m */ = {isa = PBXFileReference; fileEncoding = 4; lastKnownFileType = sourcecode.c.objc; path = View2Controller.m; sourceTree = "<group>"; };
		1F38358C1C3E66A200B4751F /* View2Controller.xib */ = {isa = PBXFileReference; fileEncoding = 4; lastKnownFileType = file.xib; path = View2Controller.xib; sourceTree = "<group>"; };
		1FA588381C3E385F00CA1007 /* STPopup.h */ = {isa = PBXFileReference; fileEncoding = 4; lastKnownFileType = sourcecode.c.h; path = STPopup.h; sourceTree = "<group>"; };
		1FA588391C3E385F00CA1007 /* STPopupController.h */ = {isa = PBXFileReference; fileEncoding = 4; lastKnownFileType = sourcecode.c.h; path = STPopupController.h; sourceTree = "<group>"; };
		1FA5883A1C3E385F00CA1007 /* STPopupController.m */ = {isa = PBXFileReference; fileEncoding = 4; lastKnownFileType = sourcecode.c.objc; path = STPopupController.m; sourceTree = "<group>"; };
		1FA5883B1C3E385F00CA1007 /* STPopupLeftBarItem.h */ = {isa = PBXFileReference; fileEncoding = 4; lastKnownFileType = sourcecode.c.h; path = STPopupLeftBarItem.h; sourceTree = "<group>"; };
		1FA5883C1C3E385F00CA1007 /* STPopupLeftBarItem.m */ = {isa = PBXFileReference; fileEncoding = 4; lastKnownFileType = sourcecode.c.objc; path = STPopupLeftBarItem.m; sourceTree = "<group>"; };
		1FA5883D1C3E385F00CA1007 /* STPopupNavigationBar.h */ = {isa = PBXFileReference; fileEncoding = 4; lastKnownFileType = sourcecode.c.h; path = STPopupNavigationBar.h; sourceTree = "<group>"; };
		1FA5883E1C3E385F00CA1007 /* STPopupNavigationBar.m */ = {isa = PBXFileReference; fileEncoding = 4; lastKnownFileType = sourcecode.c.objc; path = STPopupNavigationBar.m; sourceTree = "<group>"; };
		1FA5883F1C3E385F00CA1007 /* UIResponder+STPopup.h */ = {isa = PBXFileReference; fileEncoding = 4; lastKnownFileType = sourcecode.c.h; path = "UIResponder+STPopup.h"; sourceTree = "<group>"; };
		1FA588401C3E385F00CA1007 /* UIResponder+STPopup.m */ = {isa = PBXFileReference; fileEncoding = 4; lastKnownFileType = sourcecode.c.objc; path = "UIResponder+STPopup.m"; sourceTree = "<group>"; };
		1FA588411C3E385F00CA1007 /* UIViewController+STPopup.h */ = {isa = PBXFileReference; fileEncoding = 4; lastKnownFileType = sourcecode.c.h; path = "UIViewController+STPopup.h"; sourceTree = "<group>"; };
		1FA588421C3E385F00CA1007 /* UIViewController+STPopup.m */ = {isa = PBXFileReference; fileEncoding = 4; lastKnownFileType = sourcecode.c.objc; path = "UIViewController+STPopup.m"; sourceTree = "<group>"; };
		1FA5884D1C3E423200CA1007 /* View1Controller.h */ = {isa = PBXFileReference; fileEncoding = 4; lastKnownFileType = sourcecode.c.h; path = View1Controller.h; sourceTree = "<group>"; };
		1FA5884E1C3E423200CA1007 /* View1Controller.m */ = {isa = PBXFileReference; fileEncoding = 4; lastKnownFileType = sourcecode.c.objc; path = View1Controller.m; sourceTree = "<group>"; };
		1FA5884F1C3E423200CA1007 /* View1Controller.xib */ = {isa = PBXFileReference; fileEncoding = 4; lastKnownFileType = file.xib; path = View1Controller.xib; sourceTree = "<group>"; };
		1FE4FD081C2FDA470087611E /* NSPAlertController.app */ = {isa = PBXFileReference; explicitFileType = wrapper.application; includeInIndex = 0; path = NSPAlertController.app; sourceTree = BUILT_PRODUCTS_DIR; };
		1FE4FD0C1C2FDA470087611E /* main.m */ = {isa = PBXFileReference; lastKnownFileType = sourcecode.c.objc; path = main.m; sourceTree = "<group>"; };
		1FE4FD0E1C2FDA470087611E /* AppDelegate.h */ = {isa = PBXFileReference; lastKnownFileType = sourcecode.c.h; path = AppDelegate.h; sourceTree = "<group>"; };
		1FE4FD0F1C2FDA470087611E /* AppDelegate.m */ = {isa = PBXFileReference; lastKnownFileType = sourcecode.c.objc; path = AppDelegate.m; sourceTree = "<group>"; };
		1FE4FD111C2FDA470087611E /* ViewController.h */ = {isa = PBXFileReference; lastKnownFileType = sourcecode.c.h; path = ViewController.h; sourceTree = "<group>"; };
		1FE4FD121C2FDA470087611E /* ViewController.m */ = {isa = PBXFileReference; lastKnownFileType = sourcecode.c.objc; path = ViewController.m; sourceTree = "<group>"; };
		1FE4FD151C2FDA470087611E /* Base */ = {isa = PBXFileReference; lastKnownFileType = file.storyboard; name = Base; path = Base.lproj/Main.storyboard; sourceTree = "<group>"; };
		1FE4FD171C2FDA470087611E /* Assets.xcassets */ = {isa = PBXFileReference; lastKnownFileType = folder.assetcatalog; path = Assets.xcassets; sourceTree = "<group>"; };
		1FE4FD1A1C2FDA470087611E /* Base */ = {isa = PBXFileReference; lastKnownFileType = file.storyboard; name = Base; path = Base.lproj/LaunchScreen.storyboard; sourceTree = "<group>"; };
		1FE4FD1C1C2FDA470087611E /* Info.plist */ = {isa = PBXFileReference; lastKnownFileType = text.plist.xml; path = Info.plist; sourceTree = "<group>"; };
/* End PBXFileReference section */

/* Begin PBXFrameworksBuildPhase section */
		1F20E56A1C40CDBE00121967 /* Frameworks */ = {
			isa = PBXFrameworksBuildPhase;
			buildActionMask = 2147483647;
			files = (
			);
			runOnlyForDeploymentPostprocessing = 0;
		};
		1FE4FD051C2FDA470087611E /* Frameworks */ = {
			isa = PBXFrameworksBuildPhase;
			buildActionMask = 2147483647;
			files = (
			);
			runOnlyForDeploymentPostprocessing = 0;
		};
/* End PBXFrameworksBuildPhase section */

/* Begin PBXGroup section */
		1F20E56E1C40CDBE00121967 /* aaa */ = {
			isa = PBXGroup;
			children = (
				1F20E5721C40CDBE00121967 /* AppDelegate.h */,
				1F20E5731C40CDBE00121967 /* AppDelegate.m */,
				1F20E5751C40CDBE00121967 /* ViewController.h */,
				1F20E5761C40CDBE00121967 /* ViewController.m */,
				1F20E5781C40CDBE00121967 /* Main.storyboard */,
				1F20E57B1C40CDBE00121967 /* Assets.xcassets */,
				1F20E57D1C40CDBE00121967 /* LaunchScreen.storyboard */,
				1F20E5801C40CDBE00121967 /* Info.plist */,
				1F20E56F1C40CDBE00121967 /* Supporting Files */,
			);
			path = aaa;
			sourceTree = "<group>";
		};
		1F20E56F1C40CDBE00121967 /* Supporting Files */ = {
			isa = PBXGroup;
			children = (
				1F20E5701C40CDBE00121967 /* main.m */,
			);
			name = "Supporting Files";
			sourceTree = "<group>";
		};
		1FA588371C3E385F00CA1007 /* STPopup */ = {
			isa = PBXGroup;
			children = (
				1FA588381C3E385F00CA1007 /* STPopup.h */,
				1FA588391C3E385F00CA1007 /* STPopupController.h */,
				1FA5883A1C3E385F00CA1007 /* STPopupController.m */,
				1FA5883B1C3E385F00CA1007 /* STPopupLeftBarItem.h */,
				1FA5883C1C3E385F00CA1007 /* STPopupLeftBarItem.m */,
				1FA5883D1C3E385F00CA1007 /* STPopupNavigationBar.h */,
				1FA5883E1C3E385F00CA1007 /* STPopupNavigationBar.m */,
				1FA5883F1C3E385F00CA1007 /* UIResponder+STPopup.h */,
				1FA588401C3E385F00CA1007 /* UIResponder+STPopup.m */,
				1FA588411C3E385F00CA1007 /* UIViewController+STPopup.h */,
				1FA588421C3E385F00CA1007 /* UIViewController+STPopup.m */,
			);
			path = STPopup;
			sourceTree = "<group>";
		};
		1FE4FCFF1C2FDA470087611E = {
			isa = PBXGroup;
			children = (
				1FE4FD0A1C2FDA470087611E /* NSPAlertController */,
				1F20E56E1C40CDBE00121967 /* aaa */,
				1FE4FD091C2FDA470087611E /* Products */,
			);
			sourceTree = "<group>";
		};
		1FE4FD091C2FDA470087611E /* Products */ = {
			isa = PBXGroup;
			children = (
				1FE4FD081C2FDA470087611E /* NSPAlertController.app */,
				1F20E56D1C40CDBE00121967 /* aaa.app */,
			);
			name = Products;
			sourceTree = "<group>";
		};
		1FE4FD0A1C2FDA470087611E /* NSPAlertController */ = {
			isa = PBXGroup;
			children = (
				1FA588371C3E385F00CA1007 /* STPopup */,
				1FA5884D1C3E423200CA1007 /* View1Controller.h */,
				1FA5884E1C3E423200CA1007 /* View1Controller.m */,
				1FA5884F1C3E423200CA1007 /* View1Controller.xib */,
				1F38358A1C3E66A200B4751F /* View2Controller.h */,
				1F38358B1C3E66A200B4751F /* View2Controller.m */,
				1F38358C1C3E66A200B4751F /* View2Controller.xib */,
				1FE4FD111C2FDA470087611E /* ViewController.h */,
				1FE4FD121C2FDA470087611E /* ViewController.m */,
				1FE4FD0E1C2FDA470087611E /* AppDelegate.h */,
				1FE4FD0F1C2FDA470087611E /* AppDelegate.m */,
				1F1E27C41C3BDF1C001B0431 /* PopupViewController1.h */,
				1F1E27C51C3BDF1C001B0431 /* PopupViewController1.m */,
				1F1E27C61C3BDF1C001B0431 /* PopupViewController2.h */,
				1F1E27C71C3BDF1C001B0431 /* PopupViewController2.m */,
				1F1E27C81C3BDF1C001B0431 /* PopupViewController3.h */,
				1F1E27C91C3BDF1C001B0431 /* PopupViewController3.m */,
				1FE4FD141C2FDA470087611E /* Main.storyboard */,
				1FE4FD171C2FDA470087611E /* Assets.xcassets */,
				1FE4FD191C2FDA470087611E /* LaunchScreen.storyboard */,
				1FE4FD1C1C2FDA470087611E /* Info.plist */,
				1FE4FD0B1C2FDA470087611E /* Supporting Files */,
			);
			path = NSPAlertController;
			sourceTree = "<group>";
		};
		1FE4FD0B1C2FDA470087611E /* Supporting Files */ = {
			isa = PBXGroup;
			children = (
				1FE4FD0C1C2FDA470087611E /* main.m */,
			);
			name = "Supporting Files";
			sourceTree = "<group>";
		};
/* End PBXGroup section */

/* Begin PBXNativeTarget section */
		1F20E56C1C40CDBE00121967 /* aaa */ = {
			isa = PBXNativeTarget;
			buildConfigurationList = 1F20E5811C40CDBE00121967 /* Build configuration list for PBXNativeTarget "aaa" */;
			buildPhases = (
				1F20E5691C40CDBE00121967 /* Sources */,
				1F20E56A1C40CDBE00121967 /* Frameworks */,
				1F20E56B1C40CDBE00121967 /* Resources */,
			);
			buildRules = (
			);
			dependencies = (
			);
			name = aaa;
			productName = aaa;
			productReference = 1F20E56D1C40CDBE00121967 /* aaa.app */;
			productType = "com.apple.product-type.application";
		};
		1FE4FD071C2FDA470087611E /* NSPAlertController */ = {
			isa = PBXNativeTarget;
			buildConfigurationList = 1FE4FD1F1C2FDA470087611E /* Build configuration list for PBXNativeTarget "NSPAlertController" */;
			buildPhases = (
				1FE4FD041C2FDA470087611E /* Sources */,
				1FE4FD051C2FDA470087611E /* Frameworks */,
				1FE4FD061C2FDA470087611E /* Resources */,
			);
			buildRules = (
			);
			dependencies = (
			);
			name = NSPAlertController;
			productName = NSPAlertController;
			productReference = 1FE4FD081C2FDA470087611E /* NSPAlertController.app */;
			productType = "com.apple.product-type.application";
		};
/* End PBXNativeTarget section */

/* Begin PBXProject section */
		1FE4FD001C2FDA470087611E /* Project object */ = {
			isa = PBXProject;
			attributes = {
				LastUpgradeCheck = 0720;
				ORGANIZATIONNAME = FNNishipu;
				TargetAttributes = {
					1F20E56C1C40CDBE00121967 = {
						CreatedOnToolsVersion = 7.2;
					};
					1FE4FD071C2FDA470087611E = {
						CreatedOnToolsVersion = 7.2;
					};
				};
			};
			buildConfigurationList = 1FE4FD031C2FDA470087611E /* Build configuration list for PBXProject "NSPAlertController" */;
			compatibilityVersion = "Xcode 3.2";
			developmentRegion = English;
			hasScannedForEncodings = 0;
			knownRegions = (
				en,
				Base,
			);
			mainGroup = 1FE4FCFF1C2FDA470087611E;
			productRefGroup = 1FE4FD091C2FDA470087611E /* Products */;
			projectDirPath = "";
			projectRoot = "";
			targets = (
				1FE4FD071C2FDA470087611E /* NSPAlertController */,
				1F20E56C1C40CDBE00121967 /* aaa */,
			);
		};
/* End PBXProject section */

/* Begin PBXResourcesBuildPhase section */
		1F20E56B1C40CDBE00121967 /* Resources */ = {
			isa = PBXResourcesBuildPhase;
			buildActionMask = 2147483647;
			files = (
				1F20E57F1C40CDBE00121967 /* LaunchScreen.storyboard in Resources */,
				1F20E57C1C40CDBE00121967 /* Assets.xcassets in Resources */,
				1F20E57A1C40CDBE00121967 /* Main.storyboard in Resources */,
			);
			runOnlyForDeploymentPostprocessing = 0;
		};
		1FE4FD061C2FDA470087611E /* Resources */ = {
			isa = PBXResourcesBuildPhase;
			buildActionMask = 2147483647;
			files = (
				1FA588511C3E423200CA1007 /* View1Controller.xib in Resources */,
				1FE4FD1B1C2FDA470087611E /* LaunchScreen.storyboard in Resources */,
				1FE4FD181C2FDA470087611E /* Assets.xcassets in Resources */,
				1FE4FD161C2FDA470087611E /* Main.storyboard in Resources */,
				1F38358E1C3E66A200B4751F /* View2Controller.xib in Resources */,
			);
			runOnlyForDeploymentPostprocessing = 0;
		};
/* End PBXResourcesBuildPhase section */

/* Begin PBXSourcesBuildPhase section */
		1F20E5691C40CDBE00121967 /* Sources */ = {
			isa = PBXSourcesBuildPhase;
			buildActionMask = 2147483647;
			files = (
				1F20E5771C40CDBE00121967 /* ViewController.m in Sources */,
				1F20E5741C40CDBE00121967 /* AppDelegate.m in Sources */,
				1F20E5711C40CDBE00121967 /* main.m in Sources */,
			);
			runOnlyForDeploymentPostprocessing = 0;
		};
		1FE4FD041C2FDA470087611E /* Sources */ = {
			isa = PBXSourcesBuildPhase;
			buildActionMask = 2147483647;
			files = (
				1FA588501C3E423200CA1007 /* View1Controller.m in Sources */,
				1F38358D1C3E66A200B4751F /* View2Controller.m in Sources */,
				1FA588451C3E385F00CA1007 /* STPopupNavigationBar.m in Sources */,
				1FA588471C3E385F00CA1007 /* UIViewController+STPopup.m in Sources */,
				1F1E27CB1C3BDF1C001B0431 /* PopupViewController2.m in Sources */,
				1FA588441C3E385F00CA1007 /* STPopupLeftBarItem.m in Sources */,
				1F1E27CA1C3BDF1C001B0431 /* PopupViewController1.m in Sources */,
				1FE4FD131C2FDA470087611E /* ViewController.m in Sources */,
				1F1E27CC1C3BDF1C001B0431 /* PopupViewController3.m in Sources */,
				1FE4FD101C2FDA470087611E /* AppDelegate.m in Sources */,
				1FE4FD0D1C2FDA470087611E /* main.m in Sources */,
				1FA588461C3E385F00CA1007 /* UIResponder+STPopup.m in Sources */,
				1FA588431C3E385F00CA1007 /* STPopupController.m in Sources */,
			);
			runOnlyForDeploymentPostprocessing = 0;
		};
/* End PBXSourcesBuildPhase section */

/* Begin PBXVariantGroup section */
		1F20E5781C40CDBE00121967 /* Main.storyboard */ = {
			isa = PBXVariantGroup;
			children = (
				1F20E5791C40CDBE00121967 /* Base */,
			);
			name = Main.storyboard;
			sourceTree = "<group>";
		};
		1F20E57D1C40CDBE00121967 /* LaunchScreen.storyboard */ = {
			isa = PBXVariantGroup;
			children = (
				1F20E57E1C40CDBE00121967 /* Base */,
			);
			name = LaunchScreen.storyboard;
			sourceTree = "<group>";
		};
		1FE4FD141C2FDA470087611E /* Main.storyboard */ = {
			isa = PBXVariantGroup;
			children = (
				1FE4FD151C2FDA470087611E /* Base */,
			);
			name = Main.storyboard;
			sourceTree = "<group>";
		};
		1FE4FD191C2FDA470087611E /* LaunchScreen.storyboard */ = {
			isa = PBXVariantGroup;
			children = (
				1FE4FD1A1C2FDA470087611E /* Base */,
			);
			name = LaunchScreen.storyboard;
			sourceTree = "<group>";
		};
/* End PBXVariantGroup section */

/* Begin XCBuildConfiguration section */
		1F20E5821C40CDBE00121967 /* Debug */ = {
			isa = XCBuildConfiguration;
			buildSettings = {
				ASSETCATALOG_COMPILER_APPICON_NAME = AppIcon;
				INFOPLIST_FILE = aaa/Info.plist;
				LD_RUNPATH_SEARCH_PATHS = "$(inherited) @executable_path/Frameworks";
				PRODUCT_BUNDLE_IDENTIFIER = com.feiniu.aaa;
				PRODUCT_NAME = "$(TARGET_NAME)";
			};
			name = Debug;
		};
		1F20E5831C40CDBE00121967 /* Release */ = {
			isa = XCBuildConfiguration;
			buildSettings = {
				ASSETCATALOG_COMPILER_APPICON_NAME = AppIcon;
				INFOPLIST_FILE = aaa/Info.plist;
				LD_RUNPATH_SEARCH_PATHS = "$(inherited) @executable_path/Frameworks";
				PRODUCT_BUNDLE_IDENTIFIER = com.feiniu.aaa;
				PRODUCT_NAME = "$(TARGET_NAME)";
			};
			name = Release;
		};
		1FE4FD1D1C2FDA470087611E /* Debug */ = {
			isa = XCBuildConfiguration;
			buildSettings = {
				ALWAYS_SEARCH_USER_PATHS = NO;
				CLANG_CXX_LANGUAGE_STANDARD = "gnu++0x";
				CLANG_CXX_LIBRARY = "libc++";
				CLANG_ENABLE_MODULES = YES;
				CLANG_ENABLE_OBJC_ARC = YES;
				CLANG_WARN_BOOL_CONVERSION = YES;
				CLANG_WARN_CONSTANT_CONVERSION = YES;
				CLANG_WARN_DIRECT_OBJC_ISA_USAGE = YES_ERROR;
				CLANG_WARN_EMPTY_BODY = YES;
				CLANG_WARN_ENUM_CONVERSION = YES;
				CLANG_WARN_INT_CONVERSION = YES;
				CLANG_WARN_OBJC_ROOT_CLASS = YES_ERROR;
				CLANG_WARN_UNREACHABLE_CODE = YES;
				CLANG_WARN__DUPLICATE_METHOD_MATCH = YES;
				"CODE_SIGN_IDENTITY[sdk=iphoneos*]" = "iPhone Developer";
				COPY_PHASE_STRIP = NO;
				DEBUG_INFORMATION_FORMAT = dwarf;
				ENABLE_STRICT_OBJC_MSGSEND = YES;
				ENABLE_TESTABILITY = YES;
				GCC_C_LANGUAGE_STANDARD = gnu99;
				GCC_DYNAMIC_NO_PIC = NO;
				GCC_NO_COMMON_BLOCKS = YES;
				GCC_OPTIMIZATION_LEVEL = 0;
				GCC_PREPROCESSOR_DEFINITIONS = (
					"DEBUG=1",
					"$(inherited)",
				);
				GCC_WARN_64_TO_32_BIT_CONVERSION = YES;
				GCC_WARN_ABOUT_RETURN_TYPE = YES_ERROR;
				GCC_WARN_UNDECLARED_SELECTOR = YES;
				GCC_WARN_UNINITIALIZED_AUTOS = YES_AGGRESSIVE;
				GCC_WARN_UNUSED_FUNCTION = YES;
				GCC_WARN_UNUSED_VARIABLE = YES;
				IPHONEOS_DEPLOYMENT_TARGET = 9.2;
				MTL_ENABLE_DEBUG_INFO = YES;
				ONLY_ACTIVE_ARCH = YES;
				SDKROOT = iphoneos;
			};
			name = Debug;
		};
		1FE4FD1E1C2FDA470087611E /* Release */ = {
			isa = XCBuildConfiguration;
			buildSettings = {
				ALWAYS_SEARCH_USER_PATHS = NO;
				CLANG_CXX_LANGUAGE_STANDARD = "gnu++0x";
				CLANG_CXX_LIBRARY = "libc++";
				CLANG_ENABLE_MODULES = YES;
				CLANG_ENABLE_OBJC_ARC = YES;
				CLANG_WARN_BOOL_CONVERSION = YES;
				CLANG_WARN_CONSTANT_CONVERSION = YES;
				CLANG_WARN_DIRECT_OBJC_ISA_USAGE = YES_ERROR;
				CLANG_WARN_EMPTY_BODY = YES;
				CLANG_WARN_ENUM_CONVERSION = YES;
				CLANG_WARN_INT_CONVERSION = YES;
				CLANG_WARN_OBJC_ROOT_CLASS = YES_ERROR;
				CLANG_WARN_UNREACHABLE_CODE = YES;
				CLANG_WARN__DUPLICATE_METHOD_MATCH = YES;
				"CODE_SIGN_IDENTITY[sdk=iphoneos*]" = "iPhone Developer";
				COPY_PHASE_STRIP = NO;
				DEBUG_INFORMATION_FORMAT = "dwarf-with-dsym";
				ENABLE_NS_ASSERTIONS = NO;
				ENABLE_STRICT_OBJC_MSGSEND = YES;
				GCC_C_LANGUAGE_STANDARD = gnu99;
				GCC_NO_COMMON_BLOCKS = YES;
				GCC_WARN_64_TO_32_BIT_CONVERSION = YES;
				GCC_WARN_ABOUT_RETURN_TYPE = YES_ERROR;
				GCC_WARN_UNDECLARED_SELECTOR = YES;
				GCC_WARN_UNINITIALIZED_AUTOS = YES_AGGRESSIVE;
				GCC_WARN_UNUSED_FUNCTION = YES;
				GCC_WARN_UNUSED_VARIABLE = YES;
				IPHONEOS_DEPLOYMENT_TARGET = 9.2;
				MTL_ENABLE_DEBUG_INFO = NO;
				SDKROOT = iphoneos;
				VALIDATE_PRODUCT = YES;
			};
			name = Release;
		};
		1FE4FD201C2FDA470087611E /* Debug */ = {
			isa = XCBuildConfiguration;
			buildSettings = {
				ASSETCATALOG_COMPILER_APPICON_NAME = AppIcon;
				INFOPLIST_FILE = NSPAlertController/Info.plist;
				IPHONEOS_DEPLOYMENT_TARGET = 7.1;
				LD_RUNPATH_SEARCH_PATHS = "$(inherited) @executable_path/Frameworks";
				PRODUCT_BUNDLE_IDENTIFIER = com.feiniu.NSPAlertController;
				PRODUCT_NAME = "$(TARGET_NAME)";
			};
			name = Debug;
		};
		1FE4FD211C2FDA470087611E /* Release */ = {
			isa = XCBuildConfiguration;
			buildSettings = {
				ASSETCATALOG_COMPILER_APPICON_NAME = AppIcon;
				INFOPLIST_FILE = NSPAlertController/Info.plist;
				IPHONEOS_DEPLOYMENT_TARGET = 7.1;
				LD_RUNPATH_SEARCH_PATHS = "$(inherited) @executable_path/Frameworks";
				PRODUCT_BUNDLE_IDENTIFIER = com.feiniu.NSPAlertController;
				PRODUCT_NAME = "$(TARGET_NAME)";
			};
			name = Release;
		};
/* End XCBuildConfiguration section */

/* Begin XCConfigurationList section */
		1F20E5811C40CDBE00121967 /* Build configuration list for PBXNativeTarget "aaa" */ = {
			isa = XCConfigurationList;
			buildConfigurations = (
				1F20E5821C40CDBE00121967 /* Debug */,
				1F20E5831C40CDBE00121967 /* Release */,
			);
			defaultConfigurationIsVisible = 0;
		};
		1FE4FD031C2FDA470087611E /* Build configuration list for PBXProject "NSPAlertController" */ = {
			isa = XCConfigurationList;
			buildConfigurations = (
				1FE4FD1D1C2FDA470087611E /* Debug */,
				1FE4FD1E1C2FDA470087611E /* Release */,
			);
			defaultConfigurationIsVisible = 0;
			defaultConfigurationName = Release;
		};
		1FE4FD1F1C2FDA470087611E /* Build configuration list for PBXNativeTarget "NSPAlertController" */ = {
			isa = XCConfigurationList;
			buildConfigurations = (
				1FE4FD201C2FDA470087611E /* Debug */,
				1FE4FD211C2FDA470087611E /* Release */,
			);
			defaultConfigurationIsVisible = 0;
			defaultConfigurationName = Release;
		};
/* End XCConfigurationList section */
	};
	rootObject = 1FE4FD001C2FDA470087611E /* Project object */;
}
