// !$*UTF8*$!
{
	archiveVersion = 1;
	classes = {
	};
	objectVersion = 46;
	objects = {

/* Begin PBXBuildFile section */
		1F1E27CA1C3BDF1C001B0431 /* PopupViewController1.m in Sources */ = {isa = PBXBuildFile; fileRef = 1F1E27C51C3BDF1C001B0431 /* PopupViewController1.m */; };
		1F1E27CB1C3BDF1C001B0431 /* PopupViewController2.m in Sources */ = {isa = PBXBuildFile; fileRef = 1F1E27C71C3BDF1C001B0431 /* PopupViewController2.m */; };
		1F1E27CC1C3BDF1C001B0431 /* PopupViewController3.m in Sources */ = {isa = PBXBuildFile; fileRef = 1F1E27C91C3BDF1C001B0431 /* PopupViewController3.m */; };
		1F28C17E1C3D12F3005DCED5 /* NSPPopupController.m in Sources */ = {isa = PBXBuildFile; fileRef = 1F28C17D1C3D12F3005DCED5 /* NSPPopupController.m */; };
		1F2FD94C1C38C6E900E654AC /* NSPPopupNavigationBar.m in Sources */ = {isa = PBXBuildFile; fileRef = 1F2FD94B1C38C6E900E654AC /* NSPPopupNavigationBar.m */; };
		1F2FD94F1C38D14600E654AC /* NSPPopupLeftBarButtonItem.m in Sources */ = {isa = PBXBuildFile; fileRef = 1F2FD94E1C38D14600E654AC /* NSPPopupLeftBarButtonItem.m */; };
		1F2FD9521C38EDAE00E654AC /* UIViewController+NSPPopup.m in Sources */ = {isa = PBXBuildFile; fileRef = 1F2FD9511C38EDAE00E654AC /* UIViewController+NSPPopup.m */; };
		1FE4FD0D1C2FDA470087611E /* main.m in Sources */ = {isa = PBXBuildFile; fileRef = 1FE4FD0C1C2FDA470087611E /* main.m */; };
		1FE4FD101C2FDA470087611E /* AppDelegate.m in Sources */ = {isa = PBXBuildFile; fileRef = 1FE4FD0F1C2FDA470087611E /* AppDelegate.m */; };
		1FE4FD131C2FDA470087611E /* ViewController.m in Sources */ = {isa = PBXBuildFile; fileRef = 1FE4FD121C2FDA470087611E /* ViewController.m */; };
		1FE4FD161C2FDA470087611E /* Main.storyboard in Resources */ = {isa = PBXBuildFile; fileRef = 1FE4FD141C2FDA470087611E /* Main.storyboard */; };
		1FE4FD181C2FDA470087611E /* Assets.xcassets in Resources */ = {isa = PBXBuildFile; fileRef = 1FE4FD171C2FDA470087611E /* Assets.xcassets */; };
		1FE4FD1B1C2FDA470087611E /* LaunchScreen.storyboard in Resources */ = {isa = PBXBuildFile; fileRef = 1FE4FD191C2FDA470087611E /* LaunchScreen.storyboard */; };
/* End PBXBuildFile section */

/* Begin PBXFileReference section */
		1F1E27C41C3BDF1C001B0431 /* PopupViewController1.h */ = {isa = PBXFileReference; fileEncoding = 4; lastKnownFileType = sourcecode.c.h; path = PopupViewController1.h; sourceTree = "<group>"; };
		1F1E27C51C3BDF1C001B0431 /* PopupViewController1.m */ = {isa = PBXFileReference; fileEncoding = 4; lastKnownFileType = sourcecode.c.objc; path = PopupViewController1.m; sourceTree = "<group>"; };
		1F1E27C61C3BDF1C001B0431 /* PopupViewController2.h */ = {isa = PBXFileReference; fileEncoding = 4; lastKnownFileType = sourcecode.c.h; path = PopupViewController2.h; sourceTree = "<group>"; };
		1F1E27C71C3BDF1C001B0431 /* PopupViewController2.m */ = {isa = PBXFileReference; fileEncoding = 4; lastKnownFileType = sourcecode.c.objc; path = PopupViewController2.m; sourceTree = "<group>"; };
		1F1E27C81C3BDF1C001B0431 /* PopupViewController3.h */ = {isa = PBXFileReference; fileEncoding = 4; lastKnownFileType = sourcecode.c.h; path = PopupViewController3.h; sourceTree = "<group>"; };
		1F1E27C91C3BDF1C001B0431 /* PopupViewController3.m */ = {isa = PBXFileReference; fileEncoding = 4; lastKnownFileType = sourcecode.c.objc; path = PopupViewController3.m; sourceTree = "<group>"; };
		1F28C17C1C3D12F3005DCED5 /* NSPPopupController.h */ = {isa = PBXFileReference; fileEncoding = 4; lastKnownFileType = sourcecode.c.h; path = NSPPopupController.h; sourceTree = "<group>"; };
		1F28C17D1C3D12F3005DCED5 /* NSPPopupController.m */ = {isa = PBXFileReference; fileEncoding = 4; lastKnownFileType = sourcecode.c.objc; path = NSPPopupController.m; sourceTree = "<group>"; };
		1F2FD94A1C38C6E900E654AC /* NSPPopupNavigationBar.h */ = {isa = PBXFileReference; fileEncoding = 4; lastKnownFileType = sourcecode.c.h; path = NSPPopupNavigationBar.h; sourceTree = "<group>"; };
		1F2FD94B1C38C6E900E654AC /* NSPPopupNavigationBar.m */ = {isa = PBXFileReference; fileEncoding = 4; lastKnownFileType = sourcecode.c.objc; path = NSPPopupNavigationBar.m; sourceTree = "<group>"; };
		1F2FD94D1C38D14600E654AC /* NSPPopupLeftBarButtonItem.h */ = {isa = PBXFileReference; fileEncoding = 4; lastKnownFileType = sourcecode.c.h; path = NSPPopupLeftBarButtonItem.h; sourceTree = "<group>"; };
		1F2FD94E1C38D14600E654AC /* NSPPopupLeftBarButtonItem.m */ = {isa = PBXFileReference; fileEncoding = 4; lastKnownFileType = sourcecode.c.objc; path = NSPPopupLeftBarButtonItem.m; sourceTree = "<group>"; };
		1F2FD9501C38EDAE00E654AC /* UIViewController+NSPPopup.h */ = {isa = PBXFileReference; fileEncoding = 4; lastKnownFileType = sourcecode.c.h; path = "UIViewController+NSPPopup.h"; sourceTree = "<group>"; };
		1F2FD9511C38EDAE00E654AC /* UIViewController+NSPPopup.m */ = {isa = PBXFileReference; fileEncoding = 4; lastKnownFileType = sourcecode.c.objc; path = "UIViewController+NSPPopup.m"; sourceTree = "<group>"; };
		1FE4FD081C2FDA470087611E /* NSPAlertController.app */ = {isa = PBXFileReference; explicitFileType = wrapper.application; includeInIndex = 0; path = NSPAlertController.app; sourceTree = BUILT_PRODUCTS_DIR; };
		1FE4FD0C1C2FDA470087611E /* main.m */ = {isa = PBXFileReference; lastKnownFileType = sourcecode.c.objc; path = main.m; sourceTree = "<group>"; };
		1FE4FD0E1C2FDA470087611E /* AppDelegate.h */ = {isa = PBXFileReference; lastKnownFileType = sourcecode.c.h; path = AppDelegate.h; sourceTree = "<group>"; };
		1FE4FD0F1C2FDA470087611E /* AppDelegate.m */ = {isa = PBXFileReference; lastKnownFileType = sourcecode.c.objc; path = AppDelegate.m; sourceTree = "<group>"; };
		1FE4FD111C2FDA470087611E /* ViewController.h */ = {isa = PBXFileReference; lastKnownFileType = sourcecode.c.h; path = ViewController.h; sourceTree = "<group>"; };
		1FE4FD121C2FDA470087611E /* ViewController.m */ = {isa = PBXFileReference; lastKnownFileType = sourcecode.c.objc; path = ViewController.m; sourceTree = "<group>"; };
		1FE4FD151C2FDA470087611E /* Base */ = {isa = PBXFileReference; lastKnownFileType = file.storyboard; name = Base; path = Base.lproj/Main.storyboard; sourceTree = "<group>"; };
		1FE4FD171C2FDA470087611E /* Assets.xcassets */ = {isa = PBXFileReference; lastKnownFileType = folder.assetcatalog; path = Assets.xcassets; sourceTree = "<group>"; };
		1FE4FD1A1C2FDA470087611E /* Base */ = {isa = PBXFileReference; lastKnownFileType = file.storyboard; name = Base; path = Base.lproj/LaunchScreen.storyboard; sourceTree = "<group>"; };
		1FE4FD1C1C2FDA470087611E /* Info.plist */ = {isa = PBXFileReference; lastKnownFileType = text.plist.xml; path = Info.plist; sourceTree = "<group>"; };
/* End PBXFileReference section */

/* Begin PBXFrameworksBuildPhase section */
		1FE4FD051C2FDA470087611E /* Frameworks */ = {
			isa = PBXFrameworksBuildPhase;
			buildActionMask = 2147483647;
			files = (
			);
			runOnlyForDeploymentPostprocessing = 0;
		};
/* End PBXFrameworksBuildPhase section */

/* Begin PBXGroup section */
		1FE4FCFF1C2FDA470087611E = {
			isa = PBXGroup;
			children = (
				1FE4FD0A1C2FDA470087611E /* NSPAlertController */,
				1FE4FD091C2FDA470087611E /* Products */,
			);
			sourceTree = "<group>";
		};
		1FE4FD091C2FDA470087611E /* Products */ = {
			isa = PBXGroup;
			children = (
				1FE4FD081C2FDA470087611E /* NSPAlertController.app */,
			);
			name = Products;
			sourceTree = "<group>";
		};
		1FE4FD0A1C2FDA470087611E /* NSPAlertController */ = {
			isa = PBXGroup;
			children = (
				1F1E27C41C3BDF1C001B0431 /* PopupViewController1.h */,
				1F1E27C51C3BDF1C001B0431 /* PopupViewController1.m */,
				1F1E27C61C3BDF1C001B0431 /* PopupViewController2.h */,
				1F1E27C71C3BDF1C001B0431 /* PopupViewController2.m */,
				1F1E27C81C3BDF1C001B0431 /* PopupViewController3.h */,
				1F1E27C91C3BDF1C001B0431 /* PopupViewController3.m */,
				1FE4FD0E1C2FDA470087611E /* AppDelegate.h */,
				1FE4FD0F1C2FDA470087611E /* AppDelegate.m */,
				1FE4FD111C2FDA470087611E /* ViewController.h */,
				1FE4FD121C2FDA470087611E /* ViewController.m */,
				1F28C17C1C3D12F3005DCED5 /* NSPPopupController.h */,
				1F28C17D1C3D12F3005DCED5 /* NSPPopupController.m */,
				1F2FD9501C38EDAE00E654AC /* UIViewController+NSPPopup.h */,
				1F2FD9511C38EDAE00E654AC /* UIViewController+NSPPopup.m */,
				1F2FD94D1C38D14600E654AC /* NSPPopupLeftBarButtonItem.h */,
				1F2FD94E1C38D14600E654AC /* NSPPopupLeftBarButtonItem.m */,
				1F2FD94A1C38C6E900E654AC /* NSPPopupNavigationBar.h */,
				1F2FD94B1C38C6E900E654AC /* NSPPopupNavigationBar.m */,
				1FE4FD141C2FDA470087611E /* Main.storyboard */,
				1FE4FD171C2FDA470087611E /* Assets.xcassets */,
				1FE4FD191C2FDA470087611E /* LaunchScreen.storyboard */,
				1FE4FD1C1C2FDA470087611E /* Info.plist */,
				1FE4FD0B1C2FDA470087611E /* Supporting Files */,
			);
			path = NSPAlertController;
			sourceTree = "<group>";
		};
		1FE4FD0B1C2FDA470087611E /* Supporting Files */ = {
			isa = PBXGroup;
			children = (
				1FE4FD0C1C2FDA470087611E /* main.m */,
			);
			name = "Supporting Files";
			sourceTree = "<group>";
		};
/* End PBXGroup section */

/* Begin PBXNativeTarget section */
		1FE4FD071C2FDA470087611E /* NSPAlertController */ = {
			isa = PBXNativeTarget;
			buildConfigurationList = 1FE4FD1F1C2FDA470087611E /* Build configuration list for PBXNativeTarget "NSPAlertController" */;
			buildPhases = (
				1FE4FD041C2FDA470087611E /* Sources */,
				1FE4FD051C2FDA470087611E /* Frameworks */,
				1FE4FD061C2FDA470087611E /* Resources */,
			);
			buildRules = (
			);
			dependencies = (
			);
			name = NSPAlertController;
			productName = NSPAlertController;
			productReference = 1FE4FD081C2FDA470087611E /* NSPAlertController.app */;
			productType = "com.apple.product-type.application";
		};
/* End PBXNativeTarget section */

/* Begin PBXProject section */
		1FE4FD001C2FDA470087611E /* Project object */ = {
			isa = PBXProject;
			attributes = {
				LastUpgradeCheck = 0720;
				ORGANIZATIONNAME = FNNishipu;
				TargetAttributes = {
					1FE4FD071C2FDA470087611E = {
						CreatedOnToolsVersion = 7.2;
					};
				};
			};
			buildConfigurationList = 1FE4FD031C2FDA470087611E /* Build configuration list for PBXProject "NSPAlertController" */;
			compatibilityVersion = "Xcode 3.2";
			developmentRegion = English;
			hasScannedForEncodings = 0;
			knownRegions = (
				en,
				Base,
			);
			mainGroup = 1FE4FCFF1C2FDA470087611E;
			productRefGroup = 1FE4FD091C2FDA470087611E /* Products */;
			projectDirPath = "";
			projectRoot = "";
			targets = (
				1FE4FD071C2FDA470087611E /* NSPAlertController */,
			);
		};
/* End PBXProject section */

/* Begin PBXResourcesBuildPhase section */
		1FE4FD061C2FDA470087611E /* Resources */ = {
			isa = PBXResourcesBuildPhase;
			buildActionMask = 2147483647;
			files = (
				1FE4FD1B1C2FDA470087611E /* LaunchScreen.storyboard in Resources */,
				1FE4FD181C2FDA470087611E /* Assets.xcassets in Resources */,
				1FE4FD161C2FDA470087611E /* Main.storyboard in Resources */,
			);
			runOnlyForDeploymentPostprocessing = 0;
		};
/* End PBXResourcesBuildPhase section */

/* Begin PBXSourcesBuildPhase section */
		1FE4FD041C2FDA470087611E /* Sources */ = {
			isa = PBXSourcesBuildPhase;
			buildActionMask = 2147483647;
			files = (
				1F1E27CB1C3BDF1C001B0431 /* PopupViewController2.m in Sources */,
				1F1E27CA1C3BDF1C001B0431 /* PopupViewController1.m in Sources */,
				1FE4FD131C2FDA470087611E /* ViewController.m in Sources */,
				1F2FD94C1C38C6E900E654AC /* NSPPopupNavigationBar.m in Sources */,
				1F1E27CC1C3BDF1C001B0431 /* PopupViewController3.m in Sources */,
				1F2FD9521C38EDAE00E654AC /* UIViewController+NSPPopup.m in Sources */,
				1FE4FD101C2FDA470087611E /* AppDelegate.m in Sources */,
				1FE4FD0D1C2FDA470087611E /* main.m in Sources */,
				1F28C17E1C3D12F3005DCED5 /* NSPPopupController.m in Sources */,
				1F2FD94F1C38D14600E654AC /* NSPPopupLeftBarButtonItem.m in Sources */,
			);
			runOnlyForDeploymentPostprocessing = 0;
		};
/* End PBXSourcesBuildPhase section */

/* Begin PBXVariantGroup section */
		1FE4FD141C2FDA470087611E /* Main.storyboard */ = {
			isa = PBXVariantGroup;
			children = (
				1FE4FD151C2FDA470087611E /* Base */,
			);
			name = Main.storyboard;
			sourceTree = "<group>";
		};
		1FE4FD191C2FDA470087611E /* LaunchScreen.storyboard */ = {
			isa = PBXVariantGroup;
			children = (
				1FE4FD1A1C2FDA470087611E /* Base */,
			);
			name = LaunchScreen.storyboard;
			sourceTree = "<group>";
		};
/* End PBXVariantGroup section */

/* Begin XCBuildConfiguration section */
		1FE4FD1D1C2FDA470087611E /* Debug */ = {
			isa = XCBuildConfiguration;
			buildSettings = {
				ALWAYS_SEARCH_USER_PATHS = NO;
				CLANG_CXX_LANGUAGE_STANDARD = "gnu++0x";
				CLANG_CXX_LIBRARY = "libc++";
				CLANG_ENABLE_MODULES = YES;
				CLANG_ENABLE_OBJC_ARC = YES;
				CLANG_WARN_BOOL_CONVERSION = YES;
				CLANG_WARN_CONSTANT_CONVERSION = YES;
				CLANG_WARN_DIRECT_OBJC_ISA_USAGE = YES_ERROR;
				CLANG_WARN_EMPTY_BODY = YES;
				CLANG_WARN_ENUM_CONVERSION = YES;
				CLANG_WARN_INT_CONVERSION = YES;
				CLANG_WARN_OBJC_ROOT_CLASS = YES_ERROR;
				CLANG_WARN_UNREACHABLE_CODE = YES;
				CLANG_WARN__DUPLICATE_METHOD_MATCH = YES;
				"CODE_SIGN_IDENTITY[sdk=iphoneos*]" = "iPhone Developer";
				COPY_PHASE_STRIP = NO;
				DEBUG_INFORMATION_FORMAT = dwarf;
				ENABLE_STRICT_OBJC_MSGSEND = YES;
				ENABLE_TESTABILITY = YES;
				GCC_C_LANGUAGE_STANDARD = gnu99;
				GCC_DYNAMIC_NO_PIC = NO;
				GCC_NO_COMMON_BLOCKS = YES;
				GCC_OPTIMIZATION_LEVEL = 0;
				GCC_PREPROCESSOR_DEFINITIONS = (
					"DEBUG=1",
					"$(inherited)",
				);
				GCC_WARN_64_TO_32_BIT_CONVERSION = YES;
				GCC_WARN_ABOUT_RETURN_TYPE = YES_ERROR;
				GCC_WARN_UNDECLARED_SELECTOR = YES;
				GCC_WARN_UNINITIALIZED_AUTOS = YES_AGGRESSIVE;
				GCC_WARN_UNUSED_FUNCTION = YES;
				GCC_WARN_UNUSED_VARIABLE = YES;
				IPHONEOS_DEPLOYMENT_TARGET = 9.2;
				MTL_ENABLE_DEBUG_INFO = YES;
				ONLY_ACTIVE_ARCH = YES;
				SDKROOT = iphoneos;
			};
			name = Debug;
		};
		1FE4FD1E1C2FDA470087611E /* Release */ = {
			isa = XCBuildConfiguration;
			buildSettings = {
				ALWAYS_SEARCH_USER_PATHS = NO;
				CLANG_CXX_LANGUAGE_STANDARD = "gnu++0x";
				CLANG_CXX_LIBRARY = "libc++";
				CLANG_ENABLE_MODULES = YES;
				CLANG_ENABLE_OBJC_ARC = YES;
				CLANG_WARN_BOOL_CONVERSION = YES;
				CLANG_WARN_CONSTANT_CONVERSION = YES;
				CLANG_WARN_DIRECT_OBJC_ISA_USAGE = YES_ERROR;
				CLANG_WARN_EMPTY_BODY = YES;
				CLANG_WARN_ENUM_CONVERSION = YES;
				CLANG_WARN_INT_CONVERSION = YES;
				CLANG_WARN_OBJC_ROOT_CLASS = YES_ERROR;
				CLANG_WARN_UNREACHABLE_CODE = YES;
				CLANG_WARN__DUPLICATE_METHOD_MATCH = YES;
				"CODE_SIGN_IDENTITY[sdk=iphoneos*]" = "iPhone Developer";
				COPY_PHASE_STRIP = NO;
				DEBUG_INFORMATION_FORMAT = "dwarf-with-dsym";
				ENABLE_NS_ASSERTIONS = NO;
				ENABLE_STRICT_OBJC_MSGSEND = YES;
				GCC_C_LANGUAGE_STANDARD = gnu99;
				GCC_NO_COMMON_BLOCKS = YES;
				GCC_WARN_64_TO_32_BIT_CONVERSION = YES;
				GCC_WARN_ABOUT_RETURN_TYPE = YES_ERROR;
				GCC_WARN_UNDECLARED_SELECTOR = YES;
				GCC_WARN_UNINITIALIZED_AUTOS = YES_AGGRESSIVE;
				GCC_WARN_UNUSED_FUNCTION = YES;
				GCC_WARN_UNUSED_VARIABLE = YES;
				IPHONEOS_DEPLOYMENT_TARGET = 9.2;
				MTL_ENABLE_DEBUG_INFO = NO;
				SDKROOT = iphoneos;
				VALIDATE_PRODUCT = YES;
			};
			name = Release;
		};
		1FE4FD201C2FDA470087611E /* Debug */ = {
			isa = XCBuildConfiguration;
			buildSettings = {
				ASSETCATALOG_COMPILER_APPICON_NAME = AppIcon;
				INFOPLIST_FILE = NSPAlertController/Info.plist;
				IPHONEOS_DEPLOYMENT_TARGET = 7.1;
				LD_RUNPATH_SEARCH_PATHS = "$(inherited) @executable_path/Frameworks";
				PRODUCT_BUNDLE_IDENTIFIER = com.feiniu.NSPAlertController;
				PRODUCT_NAME = "$(TARGET_NAME)";
			};
			name = Debug;
		};
		1FE4FD211C2FDA470087611E /* Release */ = {
			isa = XCBuildConfiguration;
			buildSettings = {
				ASSETCATALOG_COMPILER_APPICON_NAME = AppIcon;
				INFOPLIST_FILE = NSPAlertController/Info.plist;
				IPHONEOS_DEPLOYMENT_TARGET = 7.1;
				LD_RUNPATH_SEARCH_PATHS = "$(inherited) @executable_path/Frameworks";
				PRODUCT_BUNDLE_IDENTIFIER = com.feiniu.NSPAlertController;
				PRODUCT_NAME = "$(TARGET_NAME)";
			};
			name = Release;
		};
/* End XCBuildConfiguration section */

/* Begin XCConfigurationList section */
		1FE4FD031C2FDA470087611E /* Build configuration list for PBXProject "NSPAlertController" */ = {
			isa = XCConfigurationList;
			buildConfigurations = (
				1FE4FD1D1C2FDA470087611E /* Debug */,
				1FE4FD1E1C2FDA470087611E /* Release */,
			);
			defaultConfigurationIsVisible = 0;
			defaultConfigurationName = Release;
		};
		1FE4FD1F1C2FDA470087611E /* Build configuration list for PBXNativeTarget "NSPAlertController" */ = {
			isa = XCConfigurationList;
			buildConfigurations = (
				1FE4FD201C2FDA470087611E /* Debug */,
				1FE4FD211C2FDA470087611E /* Release */,
			);
			defaultConfigurationIsVisible = 0;
			defaultConfigurationName = Release;
		};
/* End XCConfigurationList section */
	};
	rootObject = 1FE4FD001C2FDA470087611E /* Project object */;
}
