// !$*UTF8*$!
{
	archiveVersion = 1;
	classes = {
	};
	objectVersion = 46;
	objects = {

/* Begin PBXBuildFile section */
		1F21302E1C2650C4002E7D01 /* main.m in Sources */ = {isa = PBXBuildFile; fileRef = 1F21302D1C2650C4002E7D01 /* main.m */; };
		1F2130311C2650C4002E7D01 /* AppDelegate.m in Sources */ = {isa = PBXBuildFile; fileRef = 1F2130301C2650C4002E7D01 /* AppDelegate.m */; };
		1F2130341C2650C4002E7D01 /* ViewController.m in Sources */ = {isa = PBXBuildFile; fileRef = 1F2130331C2650C4002E7D01 /* ViewController.m */; };
		1F2130371C2650C4002E7D01 /* Main.storyboard in Resources */ = {isa = PBXBuildFile; fileRef = 1F2130351C2650C4002E7D01 /* Main.storyboard */; };
		1F2130391C2650C4002E7D01 /* Assets.xcassets in Resources */ = {isa = PBXBuildFile; fileRef = 1F2130381C2650C4002E7D01 /* Assets.xcassets */; };
		1F21303C1C2650C4002E7D01 /* LaunchScreen.storyboard in Resources */ = {isa = PBXBuildFile; fileRef = 1F21303A1C2650C4002E7D01 /* LaunchScreen.storyboard */; };
		1F2130451C2650F3002E7D01 /* TransparentLabel.m in Sources */ = {isa = PBXBuildFile; fileRef = 1F2130441C2650F3002E7D01 /* TransparentLabel.m */; };
/* End PBXBuildFile section */

/* Begin PBXFileReference section */
		1F2130291C2650C4002E7D01 /* TransparentLabel.app */ = {isa = PBXFileReference; explicitFileType = wrapper.application; includeInIndex = 0; path = TransparentLabel.app; sourceTree = BUILT_PRODUCTS_DIR; };
		1F21302D1C2650C4002E7D01 /* main.m */ = {isa = PBXFileReference; lastKnownFileType = sourcecode.c.objc; path = main.m; sourceTree = "<group>"; };
		1F21302F1C2650C4002E7D01 /* AppDelegate.h */ = {isa = PBXFileReference; lastKnownFileType = sourcecode.c.h; path = AppDelegate.h; sourceTree = "<group>"; };
		1F2130301C2650C4002E7D01 /* AppDelegate.m */ = {isa = PBXFileReference; lastKnownFileType = sourcecode.c.objc; path = AppDelegate.m; sourceTree = "<group>"; };
		1F2130321C2650C4002E7D01 /* ViewController.h */ = {isa = PBXFileReference; lastKnownFileType = sourcecode.c.h; path = ViewController.h; sourceTree = "<group>"; };
		1F2130331C2650C4002E7D01 /* ViewController.m */ = {isa = PBXFileReference; lastKnownFileType = sourcecode.c.objc; path = ViewController.m; sourceTree = "<group>"; };
		1F2130361C2650C4002E7D01 /* Base */ = {isa = PBXFileReference; lastKnownFileType = file.storyboard; name = Base; path = Base.lproj/Main.storyboard; sourceTree = "<group>"; };
		1F2130381C2650C4002E7D01 /* Assets.xcassets */ = {isa = PBXFileReference; lastKnownFileType = folder.assetcatalog; path = Assets.xcassets; sourceTree = "<group>"; };
		1F21303B1C2650C4002E7D01 /* Base */ = {isa = PBXFileReference; lastKnownFileType = file.storyboard; name = Base; path = Base.lproj/LaunchScreen.storyboard; sourceTree = "<group>"; };
		1F21303D1C2650C4002E7D01 /* Info.plist */ = {isa = PBXFileReference; lastKnownFileType = text.plist.xml; path = Info.plist; sourceTree = "<group>"; };
		1F2130431C2650F3002E7D01 /* TransparentLabel.h */ = {isa = PBXFileReference; fileEncoding = 4; lastKnownFileType = sourcecode.c.h; path = TransparentLabel.h; sourceTree = "<group>"; };
		1F2130441C2650F3002E7D01 /* TransparentLabel.m */ = {isa = PBXFileReference; fileEncoding = 4; lastKnownFileType = sourcecode.c.objc; path = TransparentLabel.m; sourceTree = "<group>"; };
/* End PBXFileReference section */

/* Begin PBXFrameworksBuildPhase section */
		1F2130261C2650C4002E7D01 /* Frameworks */ = {
			isa = PBXFrameworksBuildPhase;
			buildActionMask = 2147483647;
			files = (
			);
			runOnlyForDeploymentPostprocessing = 0;
		};
/* End PBXFrameworksBuildPhase section */

/* Begin PBXGroup section */
		1F2130201C2650C4002E7D01 = {
			isa = PBXGroup;
			children = (
				1F21302B1C2650C4002E7D01 /* TransparentLabel */,
				1F21302A1C2650C4002E7D01 /* Products */,
			);
			sourceTree = "<group>";
		};
		1F21302A1C2650C4002E7D01 /* Products */ = {
			isa = PBXGroup;
			children = (
				1F2130291C2650C4002E7D01 /* TransparentLabel.app */,
			);
			name = Products;
			sourceTree = "<group>";
		};
		1F21302B1C2650C4002E7D01 /* TransparentLabel */ = {
			isa = PBXGroup;
			children = (
				1F21302F1C2650C4002E7D01 /* AppDelegate.h */,
				1F2130301C2650C4002E7D01 /* AppDelegate.m */,
				1F2130321C2650C4002E7D01 /* ViewController.h */,
				1F2130331C2650C4002E7D01 /* ViewController.m */,
				1F2130431C2650F3002E7D01 /* TransparentLabel.h */,
				1F2130441C2650F3002E7D01 /* TransparentLabel.m */,
				1F2130351C2650C4002E7D01 /* Main.storyboard */,
				1F2130381C2650C4002E7D01 /* Assets.xcassets */,
				1F21303A1C2650C4002E7D01 /* LaunchScreen.storyboard */,
				1F21303D1C2650C4002E7D01 /* Info.plist */,
				1F21302C1C2650C4002E7D01 /* Supporting Files */,
			);
			path = TransparentLabel;
			sourceTree = "<group>";
		};
		1F21302C1C2650C4002E7D01 /* Supporting Files */ = {
			isa = PBXGroup;
			children = (
				1F21302D1C2650C4002E7D01 /* main.m */,
			);
			name = "Supporting Files";
			sourceTree = "<group>";
		};
/* End PBXGroup section */

/* Begin PBXNativeTarget section */
		1F2130281C2650C4002E7D01 /* TransparentLabel */ = {
			isa = PBXNativeTarget;
			buildConfigurationList = 1F2130401C2650C4002E7D01 /* Build configuration list for PBXNativeTarget "TransparentLabel" */;
			buildPhases = (
				1F2130251C2650C4002E7D01 /* Sources */,
				1F2130261C2650C4002E7D01 /* Frameworks */,
				1F2130271C2650C4002E7D01 /* Resources */,
			);
			buildRules = (
			);
			dependencies = (
			);
			name = TransparentLabel;
			productName = TransparentLabel;
			productReference = 1F2130291C2650C4002E7D01 /* TransparentLabel.app */;
			productType = "com.apple.product-type.application";
		};
/* End PBXNativeTarget section */

/* Begin PBXProject section */
		1F2130211C2650C4002E7D01 /* Project object */ = {
			isa = PBXProject;
			attributes = {
				LastUpgradeCheck = 0720;
				ORGANIZATIONNAME = FNNishipu;
				TargetAttributes = {
					1F2130281C2650C4002E7D01 = {
						CreatedOnToolsVersion = 7.2;
					};
				};
			};
			buildConfigurationList = 1F2130241C2650C4002E7D01 /* Build configuration list for PBXProject "TransparentLabel" */;
			compatibilityVersion = "Xcode 3.2";
			developmentRegion = English;
			hasScannedForEncodings = 0;
			knownRegions = (
				en,
				Base,
			);
			mainGroup = 1F2130201C2650C4002E7D01;
			productRefGroup = 1F21302A1C2650C4002E7D01 /* Products */;
			projectDirPath = "";
			projectRoot = "";
			targets = (
				1F2130281C2650C4002E7D01 /* TransparentLabel */,
			);
		};
/* End PBXProject section */

/* Begin PBXResourcesBuildPhase section */
		1F2130271C2650C4002E7D01 /* Resources */ = {
			isa = PBXResourcesBuildPhase;
			buildActionMask = 2147483647;
			files = (
				1F21303C1C2650C4002E7D01 /* LaunchScreen.storyboard in Resources */,
				1F2130391C2650C4002E7D01 /* Assets.xcassets in Resources */,
				1F2130371C2650C4002E7D01 /* Main.storyboard in Resources */,
			);
			runOnlyForDeploymentPostprocessing = 0;
		};
/* End PBXResourcesBuildPhase section */

/* Begin PBXSourcesBuildPhase section */
		1F2130251C2650C4002E7D01 /* Sources */ = {
			isa = PBXSourcesBuildPhase;
			buildActionMask = 2147483647;
			files = (
				1F2130341C2650C4002E7D01 /* ViewController.m in Sources */,
				1F2130311C2650C4002E7D01 /* AppDelegate.m in Sources */,
				1F21302E1C2650C4002E7D01 /* main.m in Sources */,
				1F2130451C2650F3002E7D01 /* TransparentLabel.m in Sources */,
			);
			runOnlyForDeploymentPostprocessing = 0;
		};
/* End PBXSourcesBuildPhase section */

/* Begin PBXVariantGroup section */
		1F2130351C2650C4002E7D01 /* Main.storyboard */ = {
			isa = PBXVariantGroup;
			children = (
				1F2130361C2650C4002E7D01 /* Base */,
			);
			name = Main.storyboard;
			sourceTree = "<group>";
		};
		1F21303A1C2650C4002E7D01 /* LaunchScreen.storyboard */ = {
			isa = PBXVariantGroup;
			children = (
				1F21303B1C2650C4002E7D01 /* Base */,
			);
			name = LaunchScreen.storyboard;
			sourceTree = "<group>";
		};
/* End PBXVariantGroup section */

/* Begin XCBuildConfiguration section */
		1F21303E1C2650C4002E7D01 /* Debug */ = {
			isa = XCBuildConfiguration;
			buildSettings = {
				ALWAYS_SEARCH_USER_PATHS = NO;
				CLANG_CXX_LANGUAGE_STANDARD = "gnu++0x";
				CLANG_CXX_LIBRARY = "libc++";
				CLANG_ENABLE_MODULES = YES;
				CLANG_ENABLE_OBJC_ARC = YES;
				CLANG_WARN_BOOL_CONVERSION = YES;
				CLANG_WARN_CONSTANT_CONVERSION = YES;
				CLANG_WARN_DIRECT_OBJC_ISA_USAGE = YES_ERROR;
				CLANG_WARN_EMPTY_BODY = YES;
				CLANG_WARN_ENUM_CONVERSION = YES;
				CLANG_WARN_INT_CONVERSION = YES;
				CLANG_WARN_OBJC_ROOT_CLASS = YES_ERROR;
				CLANG_WARN_UNREACHABLE_CODE = YES;
				CLANG_WARN__DUPLICATE_METHOD_MATCH = YES;
				"CODE_SIGN_IDENTITY[sdk=iphoneos*]" = "iPhone Developer";
				COPY_PHASE_STRIP = NO;
				DEBUG_INFORMATION_FORMAT = dwarf;
				ENABLE_STRICT_OBJC_MSGSEND = YES;
				ENABLE_TESTABILITY = YES;
				GCC_C_LANGUAGE_STANDARD = gnu99;
				GCC_DYNAMIC_NO_PIC = NO;
				GCC_NO_COMMON_BLOCKS = YES;
				GCC_OPTIMIZATION_LEVEL = 0;
				GCC_PREPROCESSOR_DEFINITIONS = (
					"DEBUG=1",
					"$(inherited)",
				);
				GCC_WARN_64_TO_32_BIT_CONVERSION = YES;
				GCC_WARN_ABOUT_RETURN_TYPE = YES_ERROR;
				GCC_WARN_UNDECLARED_SELECTOR = YES;
				GCC_WARN_UNINITIALIZED_AUTOS = YES_AGGRESSIVE;
				GCC_WARN_UNUSED_FUNCTION = YES;
				GCC_WARN_UNUSED_VARIABLE = YES;
				IPHONEOS_DEPLOYMENT_TARGET = 9.2;
				MTL_ENABLE_DEBUG_INFO = YES;
				ONLY_ACTIVE_ARCH = YES;
				SDKROOT = iphoneos;
			};
			name = Debug;
		};
		1F21303F1C2650C4002E7D01 /* Release */ = {
			isa = XCBuildConfiguration;
			buildSettings = {
				ALWAYS_SEARCH_USER_PATHS = NO;
				CLANG_CXX_LANGUAGE_STANDARD = "gnu++0x";
				CLANG_CXX_LIBRARY = "libc++";
				CLANG_ENABLE_MODULES = YES;
				CLANG_ENABLE_OBJC_ARC = YES;
				CLANG_WARN_BOOL_CONVERSION = YES;
				CLANG_WARN_CONSTANT_CONVERSION = YES;
				CLANG_WARN_DIRECT_OBJC_ISA_USAGE = YES_ERROR;
				CLANG_WARN_EMPTY_BODY = YES;
				CLANG_WARN_ENUM_CONVERSION = YES;
				CLANG_WARN_INT_CONVERSION = YES;
				CLANG_WARN_OBJC_ROOT_CLASS = YES_ERROR;
				CLANG_WARN_UNREACHABLE_CODE = YES;
				CLANG_WARN__DUPLICATE_METHOD_MATCH = YES;
				"CODE_SIGN_IDENTITY[sdk=iphoneos*]" = "iPhone Developer";
				COPY_PHASE_STRIP = NO;
				DEBUG_INFORMATION_FORMAT = "dwarf-with-dsym";
				ENABLE_NS_ASSERTIONS = NO;
				ENABLE_STRICT_OBJC_MSGSEND = YES;
				GCC_C_LANGUAGE_STANDARD = gnu99;
				GCC_NO_COMMON_BLOCKS = YES;
				GCC_WARN_64_TO_32_BIT_CONVERSION = YES;
				GCC_WARN_ABOUT_RETURN_TYPE = YES_ERROR;
				GCC_WARN_UNDECLARED_SELECTOR = YES;
				GCC_WARN_UNINITIALIZED_AUTOS = YES_AGGRESSIVE;
				GCC_WARN_UNUSED_FUNCTION = YES;
				GCC_WARN_UNUSED_VARIABLE = YES;
				IPHONEOS_DEPLOYMENT_TARGET = 9.2;
				MTL_ENABLE_DEBUG_INFO = NO;
				SDKROOT = iphoneos;
				VALIDATE_PRODUCT = YES;
			};
			name = Release;
		};
		1F2130411C2650C4002E7D01 /* Debug */ = {
			isa = XCBuildConfiguration;
			buildSettings = {
				ASSETCATALOG_COMPILER_APPICON_NAME = AppIcon;
				INFOPLIST_FILE = TransparentLabel/Info.plist;
				IPHONEOS_DEPLOYMENT_TARGET = 8;
				LD_RUNPATH_SEARCH_PATHS = "$(inherited) @executable_path/Frameworks";
				PRODUCT_BUNDLE_IDENTIFIER = com.feiniu.TransparentLabel;
				PRODUCT_NAME = "$(TARGET_NAME)";
			};
			name = Debug;
		};
		1F2130421C2650C4002E7D01 /* Release */ = {
			isa = XCBuildConfiguration;
			buildSettings = {
				ASSETCATALOG_COMPILER_APPICON_NAME = AppIcon;
				INFOPLIST_FILE = TransparentLabel/Info.plist;
				IPHONEOS_DEPLOYMENT_TARGET = 8;
				LD_RUNPATH_SEARCH_PATHS = "$(inherited) @executable_path/Frameworks";
				PRODUCT_BUNDLE_IDENTIFIER = com.feiniu.TransparentLabel;
				PRODUCT_NAME = "$(TARGET_NAME)";
			};
			name = Release;
		};
/* End XCBuildConfiguration section */

/* Begin XCConfigurationList section */
		1F2130241C2650C4002E7D01 /* Build configuration list for PBXProject "TransparentLabel" */ = {
			isa = XCConfigurationList;
			buildConfigurations = (
				1F21303E1C2650C4002E7D01 /* Debug */,
				1F21303F1C2650C4002E7D01 /* Release */,
			);
			defaultConfigurationIsVisible = 0;
			defaultConfigurationName = Release;
		};
		1F2130401C2650C4002E7D01 /* Build configuration list for PBXNativeTarget "TransparentLabel" */ = {
			isa = XCConfigurationList;
			buildConfigurations = (
				1F2130411C2650C4002E7D01 /* Debug */,
				1F2130421C2650C4002E7D01 /* Release */,
			);
			defaultConfigurationIsVisible = 0;
		};
/* End XCConfigurationList section */
	};
	rootObject = 1F2130211C2650C4002E7D01 /* Project object */;
}
